// !$*UTF8*$!
{
	archiveVersion = 1;
	classes = {
	};
	objectVersion = 56;
	objects = {

/* Begin PBXBuildFile section */
		E2E3374E28DE904000C09E7C /* AwaFolderApp.swift in Sources */ = {isa = PBXBuildFile; fileRef = E2E3374D28DE904000C09E7C /* AwaFolderApp.swift */; };
		E2E3375028DE904000C09E7C /* ContentView.swift in Sources */ = {isa = PBXBuildFile; fileRef = E2E3374F28DE904000C09E7C /* ContentView.swift */; };
		E2E3375228DE904100C09E7C /* Assets.xcassets in Resources */ = {isa = PBXBuildFile; fileRef = E2E3375128DE904100C09E7C /* Assets.xcassets */; };
		E2E3375528DE904100C09E7C /* Preview Assets.xcassets in Resources */ = {isa = PBXBuildFile; fileRef = E2E3375428DE904100C09E7C /* Preview Assets.xcassets */; };
		E2F4287C28DEA74900267F74 /* Color.swift in Sources */ = {isa = PBXBuildFile; fileRef = E2F4287B28DEA74900267F74 /* Color.swift */; };
		E2F4287E28DEA76900267F74 /* Data+Image.swift in Sources */ = {isa = PBXBuildFile; fileRef = E2F4287D28DEA76900267F74 /* Data+Image.swift */; };
		E2F4288028DEA8F900267F74 /* Date.swift in Sources */ = {isa = PBXBuildFile; fileRef = E2F4287F28DEA8F900267F74 /* Date.swift */; };
		E2F4288228DEA91B00267F74 /* Font.swift in Sources */ = {isa = PBXBuildFile; fileRef = E2F4288128DEA91B00267F74 /* Font.swift */; };
		E2F4288528DEA9D900267F74 /* Stateful.swift in Sources */ = {isa = PBXBuildFile; fileRef = E2F4288428DEA9D900267F74 /* Stateful.swift */; };
		E2F4288828DEAA0000267F74 /* Hidden.swift in Sources */ = {isa = PBXBuildFile; fileRef = E2F4288728DEAA0000267F74 /* Hidden.swift */; };
		E2F4288A28DEAA1600267F74 /* OnFirstAppear.swift in Sources */ = {isa = PBXBuildFile; fileRef = E2F4288928DEAA1600267F74 /* OnFirstAppear.swift */; };
		E2F4288D28DEAA5100267F74 /* SFSymbol.swift in Sources */ = {isa = PBXBuildFile; fileRef = E2F4288C28DEAA5100267F74 /* SFSymbol.swift */; };
		E2F4289028DEAAD100267F74 /* AVFoundationVM.swift in Sources */ = {isa = PBXBuildFile; fileRef = E2F4288F28DEAAD100267F74 /* AVFoundationVM.swift */; };
		E2F4289228DEAAF000267F74 /* CALayerView.swift in Sources */ = {isa = PBXBuildFile; fileRef = E2F4289128DEAAF000267F74 /* CALayerView.swift */; };
		E2F4289428DEAB0D00267F74 /* CameraView.swift in Sources */ = {isa = PBXBuildFile; fileRef = E2F4289328DEAB0D00267F74 /* CameraView.swift */; };
		E2F4289728DEB8A800267F74 /* WebSocketClient.swift in Sources */ = {isa = PBXBuildFile; fileRef = E2F4289628DEB8A800267F74 /* WebSocketClient.swift */; };
/* End PBXBuildFile section */

/* Begin PBXFileReference section */
		E2E3374A28DE904000C09E7C /* AwaFolder.app */ = {isa = PBXFileReference; explicitFileType = wrapper.application; includeInIndex = 0; path = AwaFolder.app; sourceTree = BUILT_PRODUCTS_DIR; };
		E2E3374D28DE904000C09E7C /* AwaFolderApp.swift */ = {isa = PBXFileReference; lastKnownFileType = sourcecode.swift; path = AwaFolderApp.swift; sourceTree = "<group>"; };
		E2E3374F28DE904000C09E7C /* ContentView.swift */ = {isa = PBXFileReference; lastKnownFileType = sourcecode.swift; path = ContentView.swift; sourceTree = "<group>"; };
		E2E3375128DE904100C09E7C /* Assets.xcassets */ = {isa = PBXFileReference; lastKnownFileType = folder.assetcatalog; path = Assets.xcassets; sourceTree = "<group>"; };
		E2E3375428DE904100C09E7C /* Preview Assets.xcassets */ = {isa = PBXFileReference; lastKnownFileType = folder.assetcatalog; path = "Preview Assets.xcassets"; sourceTree = "<group>"; };
		E2F4287B28DEA74900267F74 /* Color.swift */ = {isa = PBXFileReference; lastKnownFileType = sourcecode.swift; path = Color.swift; sourceTree = "<group>"; };
		E2F4287D28DEA76900267F74 /* Data+Image.swift */ = {isa = PBXFileReference; lastKnownFileType = sourcecode.swift; path = "Data+Image.swift"; sourceTree = "<group>"; };
		E2F4287F28DEA8F900267F74 /* Date.swift */ = {isa = PBXFileReference; lastKnownFileType = sourcecode.swift; path = Date.swift; sourceTree = "<group>"; };
		E2F4288128DEA91B00267F74 /* Font.swift */ = {isa = PBXFileReference; lastKnownFileType = sourcecode.swift; path = Font.swift; sourceTree = "<group>"; };
		E2F4288428DEA9D900267F74 /* Stateful.swift */ = {isa = PBXFileReference; lastKnownFileType = sourcecode.swift; path = Stateful.swift; sourceTree = "<group>"; };
		E2F4288728DEAA0000267F74 /* Hidden.swift */ = {isa = PBXFileReference; lastKnownFileType = sourcecode.swift; path = Hidden.swift; sourceTree = "<group>"; };
		E2F4288928DEAA1600267F74 /* OnFirstAppear.swift */ = {isa = PBXFileReference; lastKnownFileType = sourcecode.swift; path = OnFirstAppear.swift; sourceTree = "<group>"; };
		E2F4288C28DEAA5100267F74 /* SFSymbol.swift */ = {isa = PBXFileReference; lastKnownFileType = sourcecode.swift; path = SFSymbol.swift; sourceTree = "<group>"; };
		E2F4288F28DEAAD100267F74 /* AVFoundationVM.swift */ = {isa = PBXFileReference; lastKnownFileType = sourcecode.swift; path = AVFoundationVM.swift; sourceTree = "<group>"; };
		E2F4289128DEAAF000267F74 /* CALayerView.swift */ = {isa = PBXFileReference; lastKnownFileType = sourcecode.swift; path = CALayerView.swift; sourceTree = "<group>"; };
		E2F4289328DEAB0D00267F74 /* CameraView.swift */ = {isa = PBXFileReference; lastKnownFileType = sourcecode.swift; path = CameraView.swift; sourceTree = "<group>"; };
		E2F4289528DEAC1000267F74 /* Info.plist */ = {isa = PBXFileReference; lastKnownFileType = text.plist; path = Info.plist; sourceTree = "<group>"; };
		E2F4289628DEB8A800267F74 /* WebSocketClient.swift */ = {isa = PBXFileReference; lastKnownFileType = sourcecode.swift; path = WebSocketClient.swift; sourceTree = "<group>"; };
/* End PBXFileReference section */

/* Begin PBXFrameworksBuildPhase section */
		E2E3374728DE904000C09E7C /* Frameworks */ = {
			isa = PBXFrameworksBuildPhase;
			buildActionMask = 2147483647;
			files = (
			);
			runOnlyForDeploymentPostprocessing = 0;
		};
/* End PBXFrameworksBuildPhase section */

/* Begin PBXGroup section */
		E2E3374128DE904000C09E7C = {
			isa = PBXGroup;
			children = (
				E2E3374C28DE904000C09E7C /* AwaFolder */,
				E2E3374B28DE904000C09E7C /* Products */,
			);
			sourceTree = "<group>";
		};
		E2E3374B28DE904000C09E7C /* Products */ = {
			isa = PBXGroup;
			children = (
				E2E3374A28DE904000C09E7C /* AwaFolder.app */,
			);
			name = Products;
			sourceTree = "<group>";
		};
		E2E3374C28DE904000C09E7C /* AwaFolder */ = {
			isa = PBXGroup;
			children = (
				E2F4289528DEAC1000267F74 /* Info.plist */,
				E2F4288328DEA98700267F74 /* Utilities */,
				E2F4287A28DEA70F00267F74 /* Extensions */,
				E2F4287928DEA6FE00267F74 /* Assets */,
				E2E3374D28DE904000C09E7C /* AwaFolderApp.swift */,
				E2E3374F28DE904000C09E7C /* ContentView.swift */,
				E2E3375328DE904100C09E7C /* Preview Content */,
				E2F4289628DEB8A800267F74 /* WebSocketClient.swift */,
			);
			path = AwaFolder;
			sourceTree = "<group>";
		};
		E2E3375328DE904100C09E7C /* Preview Content */ = {
			isa = PBXGroup;
			children = (
				E2E3375428DE904100C09E7C /* Preview Assets.xcassets */,
			);
			path = "Preview Content";
			sourceTree = "<group>";
		};
		E2F4287928DEA6FE00267F74 /* Assets */ = {
			isa = PBXGroup;
			children = (
				E2E3375128DE904100C09E7C /* Assets.xcassets */,
			);
			path = Assets;
			sourceTree = "<group>";
		};
		E2F4287A28DEA70F00267F74 /* Extensions */ = {
			isa = PBXGroup;
			children = (
				E2F4287B28DEA74900267F74 /* Color.swift */,
				E2F4287D28DEA76900267F74 /* Data+Image.swift */,
				E2F4287F28DEA8F900267F74 /* Date.swift */,
				E2F4288128DEA91B00267F74 /* Font.swift */,
			);
			path = Extensions;
			sourceTree = "<group>";
		};
		E2F4288328DEA98700267F74 /* Utilities */ = {
			isa = PBXGroup;
			children = (
				E2F4288E28DEAABA00267F74 /* View */,
				E2F4288B28DEAA3800267F74 /* Modules */,
				E2F4288628DEA9E600267F74 /* Modifier */,
				E2F4288428DEA9D900267F74 /* Stateful.swift */,
			);
			path = Utilities;
			sourceTree = "<group>";
		};
		E2F4288628DEA9E600267F74 /* Modifier */ = {
			isa = PBXGroup;
			children = (
				E2F4288728DEAA0000267F74 /* Hidden.swift */,
				E2F4288928DEAA1600267F74 /* OnFirstAppear.swift */,
			);
			path = Modifier;
			sourceTree = "<group>";
		};
		E2F4288B28DEAA3800267F74 /* Modules */ = {
			isa = PBXGroup;
			children = (
				E2F4288C28DEAA5100267F74 /* SFSymbol.swift */,
			);
			path = Modules;
			sourceTree = "<group>";
		};
		E2F4288E28DEAABA00267F74 /* View */ = {
			isa = PBXGroup;
			children = (
				E2F4288F28DEAAD100267F74 /* AVFoundationVM.swift */,
				E2F4289128DEAAF000267F74 /* CALayerView.swift */,
				E2F4289328DEAB0D00267F74 /* CameraView.swift */,
			);
			path = View;
			sourceTree = "<group>";
		};
/* End PBXGroup section */

/* Begin PBXNativeTarget section */
		E2E3374928DE904000C09E7C /* AwaFolder */ = {
			isa = PBXNativeTarget;
			buildConfigurationList = E2E3375828DE904100C09E7C /* Build configuration list for PBXNativeTarget "AwaFolder" */;
			buildPhases = (
				E2E3374628DE904000C09E7C /* Sources */,
				E2E3374728DE904000C09E7C /* Frameworks */,
				E2E3374828DE904000C09E7C /* Resources */,
			);
			buildRules = (
			);
			dependencies = (
			);
			name = AwaFolder;
			productName = AwaFolder;
			productReference = E2E3374A28DE904000C09E7C /* AwaFolder.app */;
			productType = "com.apple.product-type.application";
		};
/* End PBXNativeTarget section */

/* Begin PBXProject section */
		E2E3374228DE904000C09E7C /* Project object */ = {
			isa = PBXProject;
			attributes = {
				BuildIndependentTargetsInParallel = 1;
				LastSwiftUpdateCheck = 1400;
				LastUpgradeCheck = 1400;
				TargetAttributes = {
					E2E3374928DE904000C09E7C = {
						CreatedOnToolsVersion = 14.0;
					};
				};
			};
			buildConfigurationList = E2E3374528DE904000C09E7C /* Build configuration list for PBXProject "AwaFolder" */;
			compatibilityVersion = "Xcode 14.0";
			developmentRegion = en;
			hasScannedForEncodings = 0;
			knownRegions = (
				en,
				Base,
			);
			mainGroup = E2E3374128DE904000C09E7C;
			productRefGroup = E2E3374B28DE904000C09E7C /* Products */;
			projectDirPath = "";
			projectRoot = "";
			targets = (
				E2E3374928DE904000C09E7C /* AwaFolder */,
			);
		};
/* End PBXProject section */

/* Begin PBXResourcesBuildPhase section */
		E2E3374828DE904000C09E7C /* Resources */ = {
			isa = PBXResourcesBuildPhase;
			buildActionMask = 2147483647;
			files = (
				E2E3375528DE904100C09E7C /* Preview Assets.xcassets in Resources */,
				E2E3375228DE904100C09E7C /* Assets.xcassets in Resources */,
			);
			runOnlyForDeploymentPostprocessing = 0;
		};
/* End PBXResourcesBuildPhase section */

/* Begin PBXSourcesBuildPhase section */
		E2E3374628DE904000C09E7C /* Sources */ = {
			isa = PBXSourcesBuildPhase;
			buildActionMask = 2147483647;
			files = (
				E2E3375028DE904000C09E7C /* ContentView.swift in Sources */,
				E2F4288528DEA9D900267F74 /* Stateful.swift in Sources */,
				E2F4289428DEAB0D00267F74 /* CameraView.swift in Sources */,
				E2F4288D28DEAA5100267F74 /* SFSymbol.swift in Sources */,
				E2F4288028DEA8F900267F74 /* Date.swift in Sources */,
				E2F4289228DEAAF000267F74 /* CALayerView.swift in Sources */,
				E2F4289728DEB8A800267F74 /* WebSocketClient.swift in Sources */,
				E2F4288828DEAA0000267F74 /* Hidden.swift in Sources */,
				E2F4289028DEAAD100267F74 /* AVFoundationVM.swift in Sources */,
				E2F4288228DEA91B00267F74 /* Font.swift in Sources */,
				E2E3374E28DE904000C09E7C /* AwaFolderApp.swift in Sources */,
				E2F4288A28DEAA1600267F74 /* OnFirstAppear.swift in Sources */,
				E2F4287C28DEA74900267F74 /* Color.swift in Sources */,
				E2F4287E28DEA76900267F74 /* Data+Image.swift in Sources */,
			);
			runOnlyForDeploymentPostprocessing = 0;
		};
/* End PBXSourcesBuildPhase section */

/* Begin XCBuildConfiguration section */
		E2E3375628DE904100C09E7C /* Debug */ = {
			isa = XCBuildConfiguration;
			buildSettings = {
				ALWAYS_SEARCH_USER_PATHS = NO;
				CLANG_ANALYZER_NONNULL = YES;
				CLANG_ANALYZER_NUMBER_OBJECT_CONVERSION = YES_AGGRESSIVE;
				CLANG_CXX_LANGUAGE_STANDARD = "gnu++20";
				CLANG_ENABLE_MODULES = YES;
				CLANG_ENABLE_OBJC_ARC = YES;
				CLANG_ENABLE_OBJC_WEAK = YES;
				CLANG_WARN_BLOCK_CAPTURE_AUTORELEASING = YES;
				CLANG_WARN_BOOL_CONVERSION = YES;
				CLANG_WARN_COMMA = YES;
				CLANG_WARN_CONSTANT_CONVERSION = YES;
				CLANG_WARN_DEPRECATED_OBJC_IMPLEMENTATIONS = YES;
				CLANG_WARN_DIRECT_OBJC_ISA_USAGE = YES_ERROR;
				CLANG_WARN_DOCUMENTATION_COMMENTS = YES;
				CLANG_WARN_EMPTY_BODY = YES;
				CLANG_WARN_ENUM_CONVERSION = YES;
				CLANG_WARN_INFINITE_RECURSION = YES;
				CLANG_WARN_INT_CONVERSION = YES;
				CLANG_WARN_NON_LITERAL_NULL_CONVERSION = YES;
				CLANG_WARN_OBJC_IMPLICIT_RETAIN_SELF = YES;
				CLANG_WARN_OBJC_LITERAL_CONVERSION = YES;
				CLANG_WARN_OBJC_ROOT_CLASS = YES_ERROR;
				CLANG_WARN_QUOTED_INCLUDE_IN_FRAMEWORK_HEADER = YES;
				CLANG_WARN_RANGE_LOOP_ANALYSIS = YES;
				CLANG_WARN_STRICT_PROTOTYPES = YES;
				CLANG_WARN_SUSPICIOUS_MOVE = YES;
				CLANG_WARN_UNGUARDED_AVAILABILITY = YES_AGGRESSIVE;
				CLANG_WARN_UNREACHABLE_CODE = YES;
				CLANG_WARN__DUPLICATE_METHOD_MATCH = YES;
				COPY_PHASE_STRIP = NO;
				DEBUG_INFORMATION_FORMAT = dwarf;
				ENABLE_STRICT_OBJC_MSGSEND = YES;
				ENABLE_TESTABILITY = YES;
				GCC_C_LANGUAGE_STANDARD = gnu11;
				GCC_DYNAMIC_NO_PIC = NO;
				GCC_NO_COMMON_BLOCKS = YES;
				GCC_OPTIMIZATION_LEVEL = 0;
				GCC_PREPROCESSOR_DEFINITIONS = (
					"DEBUG=1",
					"$(inherited)",
				);
				GCC_WARN_64_TO_32_BIT_CONVERSION = YES;
				GCC_WARN_ABOUT_RETURN_TYPE = YES_ERROR;
				GCC_WARN_UNDECLARED_SELECTOR = YES;
				GCC_WARN_UNINITIALIZED_AUTOS = YES_AGGRESSIVE;
				GCC_WARN_UNUSED_FUNCTION = YES;
				GCC_WARN_UNUSED_VARIABLE = YES;
				IPHONEOS_DEPLOYMENT_TARGET = 16.0;
				MTL_ENABLE_DEBUG_INFO = INCLUDE_SOURCE;
				MTL_FAST_MATH = YES;
				ONLY_ACTIVE_ARCH = YES;
				SDKROOT = iphoneos;
				SWIFT_ACTIVE_COMPILATION_CONDITIONS = DEBUG;
				SWIFT_OPTIMIZATION_LEVEL = "-Onone";
			};
			name = Debug;
		};
		E2E3375728DE904100C09E7C /* Release */ = {
			isa = XCBuildConfiguration;
			buildSettings = {
				ALWAYS_SEARCH_USER_PATHS = NO;
				CLANG_ANALYZER_NONNULL = YES;
				CLANG_ANALYZER_NUMBER_OBJECT_CONVERSION = YES_AGGRESSIVE;
				CLANG_CXX_LANGUAGE_STANDARD = "gnu++20";
				CLANG_ENABLE_MODULES = YES;
				CLANG_ENABLE_OBJC_ARC = YES;
				CLANG_ENABLE_OBJC_WEAK = YES;
				CLANG_WARN_BLOCK_CAPTURE_AUTORELEASING = YES;
				CLANG_WARN_BOOL_CONVERSION = YES;
				CLANG_WARN_COMMA = YES;
				CLANG_WARN_CONSTANT_CONVERSION = YES;
				CLANG_WARN_DEPRECATED_OBJC_IMPLEMENTATIONS = YES;
				CLANG_WARN_DIRECT_OBJC_ISA_USAGE = YES_ERROR;
				CLANG_WARN_DOCUMENTATION_COMMENTS = YES;
				CLANG_WARN_EMPTY_BODY = YES;
				CLANG_WARN_ENUM_CONVERSION = YES;
				CLANG_WARN_INFINITE_RECURSION = YES;
				CLANG_WARN_INT_CONVERSION = YES;
				CLANG_WARN_NON_LITERAL_NULL_CONVERSION = YES;
				CLANG_WARN_OBJC_IMPLICIT_RETAIN_SELF = YES;
				CLANG_WARN_OBJC_LITERAL_CONVERSION = YES;
				CLANG_WARN_OBJC_ROOT_CLASS = YES_ERROR;
				CLANG_WARN_QUOTED_INCLUDE_IN_FRAMEWORK_HEADER = YES;
				CLANG_WARN_RANGE_LOOP_ANALYSIS = YES;
				CLANG_WARN_STRICT_PROTOTYPES = YES;
				CLANG_WARN_SUSPICIOUS_MOVE = YES;
				CLANG_WARN_UNGUARDED_AVAILABILITY = YES_AGGRESSIVE;
				CLANG_WARN_UNREACHABLE_CODE = YES;
				CLANG_WARN__DUPLICATE_METHOD_MATCH = YES;
				COPY_PHASE_STRIP = NO;
				DEBUG_INFORMATION_FORMAT = "dwarf-with-dsym";
				ENABLE_NS_ASSERTIONS = NO;
				ENABLE_STRICT_OBJC_MSGSEND = YES;
				GCC_C_LANGUAGE_STANDARD = gnu11;
				GCC_NO_COMMON_BLOCKS = YES;
				GCC_WARN_64_TO_32_BIT_CONVERSION = YES;
				GCC_WARN_ABOUT_RETURN_TYPE = YES_ERROR;
				GCC_WARN_UNDECLARED_SELECTOR = YES;
				GCC_WARN_UNINITIALIZED_AUTOS = YES_AGGRESSIVE;
				GCC_WARN_UNUSED_FUNCTION = YES;
				GCC_WARN_UNUSED_VARIABLE = YES;
				IPHONEOS_DEPLOYMENT_TARGET = 16.0;
				MTL_ENABLE_DEBUG_INFO = NO;
				MTL_FAST_MATH = YES;
				SDKROOT = iphoneos;
				SWIFT_COMPILATION_MODE = wholemodule;
				SWIFT_OPTIMIZATION_LEVEL = "-O";
				VALIDATE_PRODUCT = YES;
			};
			name = Release;
		};
		E2E3375928DE904100C09E7C /* Debug */ = {
			isa = XCBuildConfiguration;
			buildSettings = {
				ASSETCATALOG_COMPILER_APPICON_NAME = AppIcon;
				ASSETCATALOG_COMPILER_GLOBAL_ACCENT_COLOR_NAME = AccentColor;
				CODE_SIGN_STYLE = Automatic;
				CURRENT_PROJECT_VERSION = 1;
				DEVELOPMENT_ASSET_PATHS = "\"AwaFolder/Preview Content\"";
				DEVELOPMENT_TEAM = 9DZWZ2QDGB;
				ENABLE_PREVIEWS = YES;
				GENERATE_INFOPLIST_FILE = YES;
				INFOPLIST_FILE = AwaFolder/Info.plist;
				INFOPLIST_KEY_NSCameraUsageDescription = "cameraの許可ください";
				INFOPLIST_KEY_NSPhotoLibraryAddUsageDescription = "アルバムにアクセスさせてください";
				INFOPLIST_KEY_UIApplicationSceneManifest_Generation = YES;
				INFOPLIST_KEY_UIApplicationSupportsIndirectInputEvents = YES;
				INFOPLIST_KEY_UILaunchScreen_Generation = YES;
				INFOPLIST_KEY_UISupportedInterfaceOrientations_iPad = "UIInterfaceOrientationPortrait UIInterfaceOrientationPortraitUpsideDown UIInterfaceOrientationLandscapeLeft UIInterfaceOrientationLandscapeRight";
				INFOPLIST_KEY_UISupportedInterfaceOrientations_iPhone = "UIInterfaceOrientationPortrait UIInterfaceOrientationLandscapeLeft UIInterfaceOrientationLandscapeRight";
				IPHONEOS_DEPLOYMENT_TARGET = 15.3;
				LD_RUNPATH_SEARCH_PATHS = (
					"$(inherited)",
					"@executable_path/Frameworks",
				);
				MARKETING_VERSION = 1.0;
				PRODUCT_BUNDLE_IDENTIFIER = tiking.AwaFolder;
				PRODUCT_NAME = "$(TARGET_NAME)";
				SWIFT_EMIT_LOC_STRINGS = YES;
				SWIFT_VERSION = 5.0;
				TARGETED_DEVICE_FAMILY = "1,2";
			};
			name = Debug;
		};
		E2E3375A28DE904100C09E7C /* Release */ = {
			isa = XCBuildConfiguration;
			buildSettings = {
				ASSETCATALOG_COMPILER_APPICON_NAME = AppIcon;
				ASSETCATALOG_COMPILER_GLOBAL_ACCENT_COLOR_NAME = AccentColor;
				CODE_SIGN_STYLE = Automatic;
				CURRENT_PROJECT_VERSION = 1;
				DEVELOPMENT_ASSET_PATHS = "\"AwaFolder/Preview Content\"";
				DEVELOPMENT_TEAM = 9DZWZ2QDGB;
				ENABLE_PREVIEWS = YES;
				GENERATE_INFOPLIST_FILE = YES;
				INFOPLIST_FILE = AwaFolder/Info.plist;
				INFOPLIST_KEY_NSCameraUsageDescription = "cameraの許可ください";
				INFOPLIST_KEY_NSPhotoLibraryAddUsageDescription = "アルバムにアクセスさせてください";
				INFOPLIST_KEY_UIApplicationSceneManifest_Generation = YES;
				INFOPLIST_KEY_UIApplicationSupportsIndirectInputEvents = YES;
				INFOPLIST_KEY_UILaunchScreen_Generation = YES;
				INFOPLIST_KEY_UISupportedInterfaceOrientations_iPad = "UIInterfaceOrientationPortrait UIInterfaceOrientationPortraitUpsideDown UIInterfaceOrientationLandscapeLeft UIInterfaceOrientationLandscapeRight";
				INFOPLIST_KEY_UISupportedInterfaceOrientations_iPhone = "UIInterfaceOrientationPortrait UIInterfaceOrientationLandscapeLeft UIInterfaceOrientationLandscapeRight";
				IPHONEOS_DEPLOYMENT_TARGET = 15.3;
				LD_RUNPATH_SEARCH_PATHS = (
					"$(inherited)",
					"@executable_path/Frameworks",
				);
				MARKETING_VERSION = 1.0;
				PRODUCT_BUNDLE_IDENTIFIER = tiking.AwaFolder;
				PRODUCT_NAME = "$(TARGET_NAME)";
				SWIFT_EMIT_LOC_STRINGS = YES;
				SWIFT_VERSION = 5.0;
				TARGETED_DEVICE_FAMILY = "1,2";
			};
			name = Release;
		};
/* End XCBuildConfiguration section */

/* Begin XCConfigurationList section */
		E2E3374528DE904000C09E7C /* Build configuration list for PBXProject "AwaFolder" */ = {
			isa = XCConfigurationList;
			buildConfigurations = (
				E2E3375628DE904100C09E7C /* Debug */,
				E2E3375728DE904100C09E7C /* Release */,
			);
			defaultConfigurationIsVisible = 0;
			defaultConfigurationName = Release;
		};
		E2E3375828DE904100C09E7C /* Build configuration list for PBXNativeTarget "AwaFolder" */ = {
			isa = XCConfigurationList;
			buildConfigurations = (
				E2E3375928DE904100C09E7C /* Debug */,
				E2E3375A28DE904100C09E7C /* Release */,
			);
			defaultConfigurationIsVisible = 0;
			defaultConfigurationName = Release;
		};
/* End XCConfigurationList section */
	};
	rootObject = E2E3374228DE904000C09E7C /* Project object */;
}
